{
  "name": "pi-extensions",
  "version": "file:../../../.config/yolk/eggs/pi/pi/agent/npm",
  "lockfileVersion": 3,
  "requires": true,
  "packages": {
    "": {
      "name": "pi-extensions",
      "dependencies": {
        "@dietrichgebert/ponytail": "^4.9.0"
      }
    },
    "../../../.config/yolk/eggs/pi/.config/yolk/eggs/pi/pi/agent/npm/node_modules/@dietrichgebert/ponytail": {
      "version": "4.8.4",
      "resolved": "https://registry.npmjs.org/@dietrichgebert/ponytail/-/ponytail-4.8.4.tgz",
      "integrity": "sha512-MALDTmDxKa2SJ8zKVekuOwWvo6+PvypNf5xeV2AtLO5OBtkt1U7DLWOeUbb9Th3H9lV80EkWoRI05yK0/dnekA==",
      "extraneous": true,
      "license": "MIT"
    },
    "../../../.config/yolk/eggs/pi/pi/agent/npm/node_modules/@dietrichgebert/ponytail": {
      "version": "4.9.0",
      "resolved": "https://registry.npmjs.org/@dietrichgebert/ponytail/-/ponytail-4.9.0.tgz",
      "integrity": "sha512-OSdybtBZ3uDd5m/+zyz4h8/+BVBR9nGFhqTDmQkQb1v7k4Vfc1qql78naY64UjocdBPqR94htZEkKu2wpKTJaw==",
      "license": "MIT"
    }
  }
}
